// !$*UTF8*$!
{
	archiveVersion = 1;
	classes = {
	};
	objectVersion = 50;
	objects = {

/* Begin PBXBuildFile section */
		841F023520F6A2760039FE33 /* AppDelegate.swift in Sources */ = {isa = PBXBuildFile; fileRef = 841F023420F6A2760039FE33 /* AppDelegate.swift */; };
		841F023720F6A2760039FE33 /* ViewController.swift in Sources */ = {isa = PBXBuildFile; fileRef = 841F023620F6A2760039FE33 /* ViewController.swift */; };
		841F023A20F6A2760039FE33 /* Main.storyboard in Resources */ = {isa = PBXBuildFile; fileRef = 841F023820F6A2760039FE33 /* Main.storyboard */; };
		841F023C20F6A2780039FE33 /* Assets.xcassets in Resources */ = {isa = PBXBuildFile; fileRef = 841F023B20F6A2780039FE33 /* Assets.xcassets */; };
		841F023F20F6A2780039FE33 /* LaunchScreen.storyboard in Resources */ = {isa = PBXBuildFile; fileRef = 841F023D20F6A2780039FE33 /* LaunchScreen.storyboard */; };
		841F024A20F6A2780039FE33 /* MenuTests.swift in Sources */ = {isa = PBXBuildFile; fileRef = 841F024920F6A2780039FE33 /* MenuTests.swift */; };
		841F025520F6A2780039FE33 /* MenuUITests.swift in Sources */ = {isa = PBXBuildFile; fileRef = 841F025420F6A2780039FE33 /* MenuUITests.swift */; };
/* End PBXBuildFile section */

/* Begin PBXContainerItemProxy section */
		841F024620F6A2780039FE33 /* PBXContainerItemProxy */ = {
			isa = PBXContainerItemProxy;
			containerPortal = 841F022920F6A2760039FE33 /* Project object */;
			proxyType = 1;
			remoteGlobalIDString = 841F023020F6A2760039FE33;
			remoteInfo = Menu;
		};
		841F025120F6A2780039FE33 /* PBXContainerItemProxy */ = {
			isa = PBXContainerItemProxy;
			containerPortal = 841F022920F6A2760039FE33 /* Project object */;
			proxyType = 1;
			remoteGlobalIDString = 841F023020F6A2760039FE33;
			remoteInfo = Menu;
		};
/* End PBXContainerItemProxy section */

/* Begin PBXFileReference section */
		841F023120F6A2760039FE33 /* Menu.app */ = {isa = PBXFileReference; explicitFileType = wrapper.application; includeInIndex = 0; path = Menu.app; sourceTree = BUILT_PRODUCTS_DIR; };
		841F023420F6A2760039FE33 /* AppDelegate.swift */ = {isa = PBXFileReference; lastKnownFileType = sourcecode.swift; path = AppDelegate.swift; sourceTree = "<group>"; };
		841F023620F6A2760039FE33 /* ViewController.swift */ = {isa = PBXFileReference; lastKnownFileType = sourcecode.swift; path = ViewController.swift; sourceTree = "<group>"; };
		841F023920F6A2760039FE33 /* Base */ = {isa = PBXFileReference; lastKnownFileType = file.storyboard; name = Base; path = Base.lproj/Main.storyboard; sourceTree = "<group>"; };
		841F023B20F6A2780039FE33 /* Assets.xcassets */ = {isa = PBXFileReference; lastKnownFileType = folder.assetcatalog; path = Assets.xcassets; sourceTree = "<group>"; };
		841F023E20F6A2780039FE33 /* Base */ = {isa = PBXFileReference; lastKnownFileType = file.storyboard; name = Base; path = Base.lproj/LaunchScreen.storyboard; sourceTree = "<group>"; };
		841F024020F6A2780039FE33 /* Info.plist */ = {isa = PBXFileReference; lastKnownFileType = text.plist.xml; path = Info.plist; sourceTree = "<group>"; };
		841F024520F6A2780039FE33 /* MenuTests.xctest */ = {isa = PBXFileReference; explicitFileType = wrapper.cfbundle; includeInIndex = 0; path = MenuTests.xctest; sourceTree = BUILT_PRODUCTS_DIR; };
		841F024920F6A2780039FE33 /* MenuTests.swift */ = {isa = PBXFileReference; lastKnownFileType = sourcecode.swift; path = MenuTests.swift; sourceTree = "<group>"; };
		841F024B20F6A2780039FE33 /* Info.plist */ = {isa = PBXFileReference; lastKnownFileType = text.plist.xml; path = Info.plist; sourceTree = "<group>"; };
		841F025020F6A2780039FE33 /* MenuUITests.xctest */ = {isa = PBXFileReference; explicitFileType = wrapper.cfbundle; includeInIndex = 0; path = MenuUITests.xctest; sourceTree = BUILT_PRODUCTS_DIR; };
		841F025420F6A2780039FE33 /* MenuUITests.swift */ = {isa = PBXFileReference; lastKnownFileType = sourcecode.swift; path = MenuUITests.swift; sourceTree = "<group>"; };
		841F025620F6A2780039FE33 /* Info.plist */ = {isa = PBXFileReference; lastKnownFileType = text.plist.xml; path = Info.plist; sourceTree = "<group>"; };
/* End PBXFileReference section */

/* Begin PBXFrameworksBuildPhase section */
		841F022E20F6A2760039FE33 /* Frameworks */ = {
			isa = PBXFrameworksBuildPhase;
			buildActionMask = 2147483647;
			files = (
			);
			runOnlyForDeploymentPostprocessing = 0;
		};
		841F024220F6A2780039FE33 /* Frameworks */ = {
			isa = PBXFrameworksBuildPhase;
			buildActionMask = 2147483647;
			files = (
			);
			runOnlyForDeploymentPostprocessing = 0;
		};
		841F024D20F6A2780039FE33 /* Frameworks */ = {
			isa = PBXFrameworksBuildPhase;
			buildActionMask = 2147483647;
			files = (
			);
			runOnlyForDeploymentPostprocessing = 0;
		};
/* End PBXFrameworksBuildPhase section */

/* Begin PBXGroup section */
		841F022820F6A2760039FE33 = {
			isa = PBXGroup;
			children = (
				841F023320F6A2760039FE33 /* Menu */,
				841F024820F6A2780039FE33 /* MenuTests */,
				841F025320F6A2780039FE33 /* MenuUITests */,
				841F023220F6A2760039FE33 /* Products */,
			);
			sourceTree = "<group>";
		};
		841F023220F6A2760039FE33 /* Products */ = {
			isa = PBXGroup;
			children = (
				841F023120F6A2760039FE33 /* Menu.app */,
				841F024520F6A2780039FE33 /* MenuTests.xctest */,
				841F025020F6A2780039FE33 /* MenuUITests.xctest */,
			);
			name = Products;
			sourceTree = "<group>";
		};
		841F023320F6A2760039FE33 /* Menu */ = {
			isa = PBXGroup;
			children = (
				841F023420F6A2760039FE33 /* AppDelegate.swift */,
				841F023620F6A2760039FE33 /* ViewController.swift */,
				841F023820F6A2760039FE33 /* Main.storyboard */,
				841F023B20F6A2780039FE33 /* Assets.xcassets */,
				841F023D20F6A2780039FE33 /* LaunchScreen.storyboard */,
				841F024020F6A2780039FE33 /* Info.plist */,
			);
			path = Menu;
			sourceTree = "<group>";
		};
		841F024820F6A2780039FE33 /* MenuTests */ = {
			isa = PBXGroup;
			children = (
				841F024920F6A2780039FE33 /* MenuTests.swift */,
				841F024B20F6A2780039FE33 /* Info.plist */,
			);
			path = MenuTests;
			sourceTree = "<group>";
		};
		841F025320F6A2780039FE33 /* MenuUITests */ = {
			isa = PBXGroup;
			children = (
				841F025420F6A2780039FE33 /* MenuUITests.swift */,
				841F025620F6A2780039FE33 /* Info.plist */,
			);
			path = MenuUITests;
			sourceTree = "<group>";
		};
/* End PBXGroup section */

/* Begin PBXNativeTarget section */
		841F023020F6A2760039FE33 /* Menu */ = {
			isa = PBXNativeTarget;
			buildConfigurationList = 841F025920F6A2780039FE33 /* Build configuration list for PBXNativeTarget "Menu" */;
			buildPhases = (
				841F022D20F6A2760039FE33 /* Sources */,
				841F022E20F6A2760039FE33 /* Frameworks */,
				841F022F20F6A2760039FE33 /* Resources */,
			);
			buildRules = (
			);
			dependencies = (
			);
			name = Menu;
			productName = Menu;
			productReference = 841F023120F6A2760039FE33 /* Menu.app */;
			productType = "com.apple.product-type.application";
		};
		841F024420F6A2780039FE33 /* MenuTests */ = {
			isa = PBXNativeTarget;
			buildConfigurationList = 841F025C20F6A2780039FE33 /* Build configuration list for PBXNativeTarget "MenuTests" */;
			buildPhases = (
				841F024120F6A2780039FE33 /* Sources */,
				841F024220F6A2780039FE33 /* Frameworks */,
				841F024320F6A2780039FE33 /* Resources */,
			);
			buildRules = (
			);
			dependencies = (
				841F024720F6A2780039FE33 /* PBXTargetDependency */,
			);
			name = MenuTests;
			productName = MenuTests;
			productReference = 841F024520F6A2780039FE33 /* MenuTests.xctest */;
			productType = "com.apple.product-type.bundle.unit-test";
		};
		841F024F20F6A2780039FE33 /* MenuUITests */ = {
			isa = PBXNativeTarget;
			buildConfigurationList = 841F025F20F6A2780039FE33 /* Build configuration list for PBXNativeTarget "MenuUITests" */;
			buildPhases = (
				841F024C20F6A2780039FE33 /* Sources */,
				841F024D20F6A2780039FE33 /* Frameworks */,
				841F024E20F6A2780039FE33 /* Resources */,
			);
			buildRules = (
			);
			dependencies = (
				841F025220F6A2780039FE33 /* PBXTargetDependency */,
			);
			name = MenuUITests;
			productName = MenuUITests;
			productReference = 841F025020F6A2780039FE33 /* MenuUITests.xctest */;
			productType = "com.apple.product-type.bundle.ui-testing";
		};
/* End PBXNativeTarget section */

/* Begin PBXProject section */
		841F022920F6A2760039FE33 /* Project object */ = {
			isa = PBXProject;
			attributes = {
				LastSwiftUpdateCheck = 0940;
				LastUpgradeCheck = 0940;
				ORGANIZATIONNAME = admin;
				TargetAttributes = {
					841F023020F6A2760039FE33 = {
						CreatedOnToolsVersion = 9.4.1;
					};
					841F024420F6A2780039FE33 = {
						CreatedOnToolsVersion = 9.4.1;
						TestTargetID = 841F023020F6A2760039FE33;
					};
					841F024F20F6A2780039FE33 = {
						CreatedOnToolsVersion = 9.4.1;
						TestTargetID = 841F023020F6A2760039FE33;
					};
				};
			};
			buildConfigurationList = 841F022C20F6A2760039FE33 /* Build configuration list for PBXProject "Menu" */;
			compatibilityVersion = "Xcode 9.3";
			developmentRegion = en;
			hasScannedForEncodings = 0;
			knownRegions = (
				en,
				Base,
			);
			mainGroup = 841F022820F6A2760039FE33;
			productRefGroup = 841F023220F6A2760039FE33 /* Products */;
			projectDirPath = "";
			projectRoot = "";
			targets = (
				841F023020F6A2760039FE33 /* Menu */,
				841F024420F6A2780039FE33 /* MenuTests */,
				841F024F20F6A2780039FE33 /* MenuUITests */,
			);
		};
/* End PBXProject section */

/* Begin PBXResourcesBuildPhase section */
		841F022F20F6A2760039FE33 /* Resources */ = {
			isa = PBXResourcesBuildPhase;
			buildActionMask = 2147483647;
			files = (
				841F023F20F6A2780039FE33 /* LaunchScreen.storyboard in Resources */,
				841F023C20F6A2780039FE33 /* Assets.xcassets in Resources */,
				841F023A20F6A2760039FE33 /* Main.storyboard in Resources */,
			);
			runOnlyForDeploymentPostprocessing = 0;
		};
		841F024320F6A2780039FE33 /* Resources */ = {
			isa = PBXResourcesBuildPhase;
			buildActionMask = 2147483647;
			files = (
			);
			runOnlyForDeploymentPostprocessing = 0;
		};
		841F024E20F6A2780039FE33 /* Resources */ = {
			isa = PBXResourcesBuildPhase;
			buildActionMask = 2147483647;
			files = (
			);
			runOnlyForDeploymentPostprocessing = 0;
		};
/* End PBXResourcesBuildPhase section */

/* Begin PBXSourcesBuildPhase section */
		841F022D20F6A2760039FE33 /* Sources */ = {
			isa = PBXSourcesBuildPhase;
			buildActionMask = 2147483647;
			files = (
				841F023720F6A2760039FE33 /* ViewController.swift in Sources */,
				841F023520F6A2760039FE33 /* AppDelegate.swift in Sources */,
			);
			runOnlyForDeploymentPostprocessing = 0;
		};
		841F024120F6A2780039FE33 /* Sources */ = {
			isa = PBXSourcesBuildPhase;
			buildActionMask = 2147483647;
			files = (
				841F024A20F6A2780039FE33 /* MenuTests.swift in Sources */,
			);
			runOnlyForDeploymentPostprocessing = 0;
		};
		841F024C20F6A2780039FE33 /* Sources */ = {
			isa = PBXSourcesBuildPhase;
			buildActionMask = 2147483647;
			files = (
				841F025520F6A2780039FE33 /* MenuUITests.swift in Sources */,
			);
			runOnlyForDeploymentPostprocessing = 0;
		};
/* End PBXSourcesBuildPhase section */

/* Begin PBXTargetDependency section */
		841F024720F6A2780039FE33 /* PBXTargetDependency */ = {
			isa = PBXTargetDependency;
			target = 841F023020F6A2760039FE33 /* Menu */;
			targetProxy = 841F024620F6A2780039FE33 /* PBXContainerItemProxy */;
		};
		841F025220F6A2780039FE33 /* PBXTargetDependency */ = {
			isa = PBXTargetDependency;
			target = 841F023020F6A2760039FE33 /* Menu */;
			targetProxy = 841F025120F6A2780039FE33 /* PBXContainerItemProxy */;
		};
/* End PBXTargetDependency section */

/* Begin PBXVariantGroup section */
		841F023820F6A2760039FE33 /* Main.storyboard */ = {
			isa = PBXVariantGroup;
			children = (
				841F023920F6A2760039FE33 /* Base */,
			);
			name = Main.storyboard;
			sourceTree = "<group>";
		};
		841F023D20F6A2780039FE33 /* LaunchScreen.storyboard */ = {
			isa = PBXVariantGroup;
			children = (
				841F023E20F6A2780039FE33 /* Base */,
			);
			name = LaunchScreen.storyboard;
			sourceTree = "<group>";
		};
/* End PBXVariantGroup section */

/* Begin XCBuildConfiguration section */
		841F025720F6A2780039FE33 /* Debug */ = {
			isa = XCBuildConfiguration;
			buildSettings = {
				ALWAYS_SEARCH_USER_PATHS = NO;
				CLANG_ANALYZER_NONNULL = YES;
				CLANG_ANALYZER_NUMBER_OBJECT_CONVERSION = YES_AGGRESSIVE;
				CLANG_CXX_LANGUAGE_STANDARD = "gnu++14";
				CLANG_CXX_LIBRARY = "libc++";
				CLANG_ENABLE_MODULES = YES;
				CLANG_ENABLE_OBJC_ARC = YES;
				CLANG_ENABLE_OBJC_WEAK = YES;
				CLANG_WARN_BLOCK_CAPTURE_AUTORELEASING = YES;
				CLANG_WARN_BOOL_CONVERSION = YES;
				CLANG_WARN_COMMA = YES;
				CLANG_WARN_CONSTANT_CONVERSION = YES;
				CLANG_WARN_DEPRECATED_OBJC_IMPLEMENTATIONS = YES;
				CLANG_WARN_DIRECT_OBJC_ISA_USAGE = YES_ERROR;
				CLANG_WARN_DOCUMENTATION_COMMENTS = YES;
				CLANG_WARN_EMPTY_BODY = YES;
				CLANG_WARN_ENUM_CONVERSION = YES;
				CLANG_WARN_INFINITE_RECURSION = YES;
				CLANG_WARN_INT_CONVERSION = YES;
				CLANG_WARN_NON_LITERAL_NULL_CONVERSION = YES;
				CLANG_WARN_OBJC_IMPLICIT_RETAIN_SELF = YES;
				CLANG_WARN_OBJC_LITERAL_CONVERSION = YES;
				CLANG_WARN_OBJC_ROOT_CLASS = YES_ERROR;
				CLANG_WARN_RANGE_LOOP_ANALYSIS = YES;
				CLANG_WARN_STRICT_PROTOTYPES = YES;
				CLANG_WARN_SUSPICIOUS_MOVE = YES;
				CLANG_WARN_UNGUARDED_AVAILABILITY = YES_AGGRESSIVE;
				CLANG_WARN_UNREACHABLE_CODE = YES;
				CLANG_WARN__DUPLICATE_METHOD_MATCH = YES;
				CODE_SIGN_IDENTITY = "iPhone Developer";
				COPY_PHASE_STRIP = NO;
				DEBUG_INFORMATION_FORMAT = dwarf;
				ENABLE_STRICT_OBJC_MSGSEND = YES;
				ENABLE_TESTABILITY = YES;
				GCC_C_LANGUAGE_STANDARD = gnu11;
				GCC_DYNAMIC_NO_PIC = NO;
				GCC_NO_COMMON_BLOCKS = YES;
				GCC_OPTIMIZATION_LEVEL = 0;
				GCC_PREPROCESSOR_DEFINITIONS = (
					"DEBUG=1",
					"$(inherited)",
				);
				GCC_WARN_64_TO_32_BIT_CONVERSION = YES;
				GCC_WARN_ABOUT_RETURN_TYPE = YES_ERROR;
				GCC_WARN_UNDECLARED_SELECTOR = YES;
				GCC_WARN_UNINITIALIZED_AUTOS = YES_AGGRESSIVE;
				GCC_WARN_UNUSED_FUNCTION = YES;
				GCC_WARN_UNUSED_VARIABLE = YES;
				IPHONEOS_DEPLOYMENT_TARGET = 11.4;
				MTL_ENABLE_DEBUG_INFO = YES;
				ONLY_ACTIVE_ARCH = YES;
				SDKROOT = iphoneos;
				SWIFT_ACTIVE_COMPILATION_CONDITIONS = DEBUG;
				SWIFT_OPTIMIZATION_LEVEL = "-Onone";
			};
			name = Debug;
		};
		841F025820F6A2780039FE33 /* Release */ = {
			isa = XCBuildConfiguration;
			buildSettings = {
				ALWAYS_SEARCH_USER_PATHS = NO;
				CLANG_ANALYZER_NONNULL = YES;
				CLANG_ANALYZER_NUMBER_OBJECT_CONVERSION = YES_AGGRESSIVE;
				CLANG_CXX_LANGUAGE_STANDARD = "gnu++14";
				CLANG_CXX_LIBRARY = "libc++";
				CLANG_ENABLE_MODULES = YES;
				CLANG_ENABLE_OBJC_ARC = YES;
				CLANG_ENABLE_OBJC_WEAK = YES;
				CLANG_WARN_BLOCK_CAPTURE_AUTORELEASING = YES;
				CLANG_WARN_BOOL_CONVERSION = YES;
				CLANG_WARN_COMMA = YES;
				CLANG_WARN_CONSTANT_CONVERSION = YES;
				CLANG_WARN_DEPRECATED_OBJC_IMPLEMENTATIONS = YES;
				CLANG_WARN_DIRECT_OBJC_ISA_USAGE = YES_ERROR;
				CLANG_WARN_DOCUMENTATION_COMMENTS = YES;
				CLANG_WARN_EMPTY_BODY = YES;
				CLANG_WARN_ENUM_CONVERSION = YES;
				CLANG_WARN_INFINITE_RECURSION = YES;
				CLANG_WARN_INT_CONVERSION = YES;
				CLANG_WARN_NON_LITERAL_NULL_CONVERSION = YES;
				CLANG_WARN_OBJC_IMPLICIT_RETAIN_SELF = YES;
				CLANG_WARN_OBJC_LITERAL_CONVERSION = YES;
				CLANG_WARN_OBJC_ROOT_CLASS = YES_ERROR;
				CLANG_WARN_RANGE_LOOP_ANALYSIS = YES;
				CLANG_WARN_STRICT_PROTOTYPES = YES;
				CLANG_WARN_SUSPICIOUS_MOVE = YES;
				CLANG_WARN_UNGUARDED_AVAILABILITY = YES_AGGRESSIVE;
				CLANG_WARN_UNREACHABLE_CODE = YES;
				CLANG_WARN__DUPLICATE_METHOD_MATCH = YES;
				CODE_SIGN_IDENTITY = "iPhone Developer";
				COPY_PHASE_STRIP = NO;
				DEBUG_INFORMATION_FORMAT = "dwarf-with-dsym";
				ENABLE_NS_ASSERTIONS = NO;
				ENABLE_STRICT_OBJC_MSGSEND = YES;
				GCC_C_LANGUAGE_STANDARD = gnu11;
				GCC_NO_COMMON_BLOCKS = YES;
				GCC_WARN_64_TO_32_BIT_CONVERSION = YES;
				GCC_WARN_ABOUT_RETURN_TYPE = YES_ERROR;
				GCC_WARN_UNDECLARED_SELECTOR = YES;
				GCC_WARN_UNINITIALIZED_AUTOS = YES_AGGRESSIVE;
				GCC_WARN_UNUSED_FUNCTION = YES;
				GCC_WARN_UNUSED_VARIABLE = YES;
				IPHONEOS_DEPLOYMENT_TARGET = 11.4;
				MTL_ENABLE_DEBUG_INFO = NO;
				SDKROOT = iphoneos;
				SWIFT_COMPILATION_MODE = wholemodule;
				SWIFT_OPTIMIZATION_LEVEL = "-O";
				VALIDATE_PRODUCT = YES;
			};
			name = Release;
		};
		841F025A20F6A2780039FE33 /* Debug */ = {
			isa = XCBuildConfiguration;
			buildSettings = {
				ASSETCATALOG_COMPILER_APPICON_NAME = AppIcon;
				CODE_SIGN_STYLE = Automatic;
				INFOPLIST_FILE = Menu/Info.plist;
				LD_RUNPATH_SEARCH_PATHS = (
					"$(inherited)",
					"@executable_path/Frameworks",
				);
				PRODUCT_BUNDLE_IDENTIFIER = com.admin.Menu;
				PRODUCT_NAME = "$(TARGET_NAME)";
				SWIFT_VERSION = 4.0;
				TARGETED_DEVICE_FAMILY = "1,2";
			};
			name = Debug;
		};
		841F025B20F6A2780039FE33 /* Release */ = {
			isa = XCBuildConfiguration;
			buildSettings = {
				ASSETCATALOG_COMPILER_APPICON_NAME = AppIcon;
				CODE_SIGN_STYLE = Automatic;
				INFOPLIST_FILE = Menu/Info.plist;
				LD_RUNPATH_SEARCH_PATHS = (
					"$(inherited)",
					"@executable_path/Frameworks",
				);
				PRODUCT_BUNDLE_IDENTIFIER = com.admin.Menu;
				PRODUCT_NAME = "$(TARGET_NAME)";
				SWIFT_VERSION = 4.0;
				TARGETED_DEVICE_FAMILY = "1,2";
			};
			name = Release;
		};
		841F025D20F6A2780039FE33 /* Debug */ = {
			isa = XCBuildConfiguration;
			buildSettings = {
				ALWAYS_EMBED_SWIFT_STANDARD_LIBRARIES = YES;
				BUNDLE_LOADER = "$(TEST_HOST)";
				CODE_SIGN_STYLE = Automatic;
				INFOPLIST_FILE = MenuTests/Info.plist;
				LD_RUNPATH_SEARCH_PATHS = (
					"$(inherited)",
					"@executable_path/Frameworks",
					"@loader_path/Frameworks",
				);
				PRODUCT_BUNDLE_IDENTIFIER = com.admin.MenuTests;
				PRODUCT_NAME = "$(TARGET_NAME)";
				SWIFT_VERSION = 4.0;
				TARGETED_DEVICE_FAMILY = "1,2";
				TEST_HOST = "$(BUILT_PRODUCTS_DIR)/Menu.app/Menu";
			};
			name = Debug;
		};
		841F025E20F6A2780039FE33 /* Release */ = {
			isa = XCBuildConfiguration;
			buildSettings = {
				ALWAYS_EMBED_SWIFT_STANDARD_LIBRARIES = YES;
				BUNDLE_LOADER = "$(TEST_HOST)";
				CODE_SIGN_STYLE = Automatic;
				INFOPLIST_FILE = MenuTests/Info.plist;
				LD_RUNPATH_SEARCH_PATHS = (
					"$(inherited)",
					"@executable_path/Frameworks",
					"@loader_path/Frameworks",
				);
				PRODUCT_BUNDLE_IDENTIFIER = com.admin.MenuTests;
				PRODUCT_NAME = "$(TARGET_NAME)";
				SWIFT_VERSION = 4.0;
				TARGETED_DEVICE_FAMILY = "1,2";
				TEST_HOST = "$(BUILT_PRODUCTS_DIR)/Menu.app/Menu";
			};
			name = Release;
		};
		841F026020F6A2780039FE33 /* Debug */ = {
			isa = XCBuildConfiguration;
			buildSettings = {
				ALWAYS_EMBED_SWIFT_STANDARD_LIBRARIES = YES;
				CODE_SIGN_STYLE = Automatic;
				INFOPLIST_FILE = MenuUITests/Info.plist;
				LD_RUNPATH_SEARCH_PATHS = (
					"$(inherited)",
					"@executable_path/Frameworks",
					"@loader_path/Frameworks",
				);
				PRODUCT_BUNDLE_IDENTIFIER = com.admin.MenuUITests;
				PRODUCT_NAME = "$(TARGET_NAME)";
				SWIFT_VERSION = 4.0;
				TARGETED_DEVICE_FAMILY = "1,2";
				TEST_TARGET_NAME = Menu;
			};
			name = Debug;
		};
		841F026120F6A2780039FE33 /* Release */ = {
			isa = XCBuildConfiguration;
			buildSettings = {
				ALWAYS_EMBED_SWIFT_STANDARD_LIBRARIES = YES;
				CODE_SIGN_STYLE = Automatic;
				INFOPLIST_FILE = MenuUITests/Info.plist;
				LD_RUNPATH_SEARCH_PATHS = (
					"$(inherited)",
					"@executable_path/Frameworks",
					"@loader_path/Frameworks",
				);
				PRODUCT_BUNDLE_IDENTIFIER = com.admin.MenuUITests;
				PRODUCT_NAME = "$(TARGET_NAME)";
				SWIFT_VERSION = 4.0;
				TARGETED_DEVICE_FAMILY = "1,2";
				TEST_TARGET_NAME = Menu;
			};
			name = Release;
		};
/* End XCBuildConfiguration section */

/* Begin XCConfigurationList section */
		841F022C20F6A2760039FE33 /* Build configuration list for PBXProject "Menu" */ = {
			isa = XCConfigurationList;
			buildConfigurations = (
				841F025720F6A2780039FE33 /* Debug */,
				841F025820F6A2780039FE33 /* Release */,
			);
			defaultConfigurationIsVisible = 0;
			defaultConfigurationName = Release;
		};
		841F025920F6A2780039FE33 /* Build configuration list for PBXNativeTarget "Menu" */ = {
			isa = XCConfigurationList;
			buildConfigurations = (
				841F025A20F6A2780039FE33 /* Debug */,
				841F025B20F6A2780039FE33 /* Release */,
			);
			defaultConfigurationIsVisible = 0;
			defaultConfigurationName = Release;
		};
		841F025C20F6A2780039FE33 /* Build configuration list for PBXNativeTarget "MenuTests" */ = {
			isa = XCConfigurationList;
			buildConfigurations = (
				841F025D20F6A2780039FE33 /* Debug */,
				841F025E20F6A2780039FE33 /* Release */,
			);
			defaultConfigurationIsVisible = 0;
			defaultConfigurationName = Release;
		};
		841F025F20F6A2780039FE33 /* Build configuration list for PBXNativeTarget "MenuUITests" */ = {
			isa = XCConfigurationList;
			buildConfigurations = (
				841F026020F6A2780039FE33 /* Debug */,
				841F026120F6A2780039FE33 /* Release */,
			);
			defaultConfigurationIsVisible = 0;
			defaultConfigurationName = Release;
		};
/* End XCConfigurationList section */
	};
	rootObject = 841F022920F6A2760039FE33 /* Project object */;
}
